
Microsoft Visual Studio Solution File, Format Version 12.00
# Visual Studio Version 17
VisualStudioVersion = 17.6.33723.286
MinimumVisualStudioVersion = 10.0.40219.1
Project("{FAE04EC0-301F-11D3-BF4B-00C04F79EFBC}") = "WinFormsApp1", "WinFormsApp1\WinFormsApp1.csproj", "{2216D7D8-C38D-49DF-BE9B-C9398D577A1D}"
EndProject
Global
	GlobalSection(SolutionConfigurationPlatforms) = preSolution
		Debug|Any CPU = Debug|Any CPU
		Release|Any CPU = Release|Any CPU
	EndGlobalSection
	GlobalSection(ProjectConfigurationPlatforms) = postSolution
		{2216D7D8-C38D-49DF-BE9B-C9398D577A1D}.Debug|Any CPU.ActiveCfg = Debug|Any CPU
		{2216D7D8-C38D-49DF-BE9B-C9398D577A1D}.Debug|Any CPU.Build.0 = Debug|Any CPU
		{2216D7D8-C38D-49DF-BE9B-C9398D577A1D}.Release|Any CPU.ActiveCfg = Release|Any CPU
		{2216D7D8-C38D-49DF-BE9B-C9398D577A1D}.Release|Any CPU.Build.0 = Release|Any CPU
	EndGlobalSection
	GlobalSection(SolutionProperties) = preSolution
		HideSolutionNode = FALSE
	EndGlobalSection
	GlobalSection(ExtensibilityGlobals) = postSolution
		SolutionGuid = {11ACF6CF-30ED-417D-BD83-7A2FD3E37E59}
	EndGlobalSection
EndGlobal
